
Microsoft Visual Studio Solution File, Format Version 11.00
# Visual Studio 2010
Project("{FAE04EC0-301F-11D3-BF4B-00C04F79EFBC}") = "Assembly-CSharp", "Assembly-CSharp.csproj", "{C9901D34-F393-33F3-D3BB-AA2C4DEAD523}"
EndProject
Project("{FAE04EC0-301F-11D3-BF4B-00C04F79EFBC}") = "Assembly-CSharp-firstpass", "Assembly-CSharp-firstpass.csproj", "{40BDF7B6-FEF3-809C-1C4B-D6FB05747452}"
EndProject
Project("{FAE04EC0-301F-11D3-BF4B-00C04F79EFBC}") = "Assembly-CSharp-Editor-firstpass", "Assembly-CSharp-Editor-firstpass.csproj", "{B3000AA8-1205-F703-EB21-96CC32926674}"
EndProject
Global
	GlobalSection(SolutionConfigurationPlatforms) = preSolution
		Debug|Any CPU = Debug|Any CPU
		Release|Any CPU = Release|Any CPU
	EndGlobalSection
	GlobalSection(ProjectConfigurationPlatforms) = postSolution
		{C9901D34-F393-33F3-D3BB-AA2C4DEAD523}.Debug|Any CPU.ActiveCfg = Debug|Any CPU
		{C9901D34-F393-33F3-D3BB-AA2C4DEAD523}.Debug|Any CPU.Build.0 = Debug|Any CPU
		{C9901D34-F393-33F3-D3BB-AA2C4DEAD523}.Release|Any CPU.ActiveCfg = Release|Any CPU
		{C9901D34-F393-33F3-D3BB-AA2C4DEAD523}.Release|Any CPU.Build.0 = Release|Any CPU
		{40BDF7B6-FEF3-809C-1C4B-D6FB05747452}.Debug|Any CPU.ActiveCfg = Debug|Any CPU
		{40BDF7B6-FEF3-809C-1C4B-D6FB05747452}.Debug|Any CPU.Build.0 = Debug|Any CPU
		{40BDF7B6-FEF3-809C-1C4B-D6FB05747452}.Release|Any CPU.ActiveCfg = Release|Any CPU
		{40BDF7B6-FEF3-809C-1C4B-D6FB05747452}.Release|Any CPU.Build.0 = Release|Any CPU
		{B3000AA8-1205-F703-EB21-96CC32926674}.Debug|Any CPU.ActiveCfg = Debug|Any CPU
		{B3000AA8-1205-F703-EB21-96CC32926674}.Debug|Any CPU.Build.0 = Debug|Any CPU
		{B3000AA8-1205-F703-EB21-96CC32926674}.Release|Any CPU.ActiveCfg = Release|Any CPU
		{B3000AA8-1205-F703-EB21-96CC32926674}.Release|Any CPU.Build.0 = Release|Any CPU
	EndGlobalSection
	GlobalSection(SolutionProperties) = preSolution
		HideSolutionNode = FALSE
	EndGlobalSection
	GlobalSection(MonoDevelopProperties) = preSolution
		StartupItem = Assembly-CSharp.csproj
	EndGlobalSection
EndGlobal
